
Microsoft Visual Studio Solution File, Format Version 12.00
# Visual Studio Version 17
VisualStudioVersion = 17.14.36804.6 d17.14
MinimumVisualStudioVersion = 10.0.40219.1
Project("{FAE04EC0-301F-11D3-BF4B-00C04F79EFBC}") = "doan", "doan\doan.csproj", "{103EA724-8EEF-47E0-9C9B-69B118F8C558}"
EndProject
Global
	GlobalSection(SolutionConfigurationPlatforms) = preSolution
		Debug|Any CPU = Debug|Any CPU
		Release|Any CPU = Release|Any CPU
	EndGlobalSection
	GlobalSection(ProjectConfigurationPlatforms) = postSolution
		{103EA724-8EEF-47E0-9C9B-69B118F8C558}.Debug|Any CPU.ActiveCfg = Debug|Any CPU
		{103EA724-8EEF-47E0-9C9B-69B118F8C558}.Debug|Any CPU.Build.0 = Debug|Any CPU
		{103EA724-8EEF-47E0-9C9B-69B118F8C558}.Release|Any CPU.ActiveCfg = Release|Any CPU
		{103EA724-8EEF-47E0-9C9B-69B118F8C558}.Release|Any CPU.Build.0 = Release|Any CPU
	EndGlobalSection
	GlobalSection(SolutionProperties) = preSolution
		HideSolutionNode = FALSE
	EndGlobalSection
	GlobalSection(ExtensibilityGlobals) = postSolution
		SolutionGuid = {F5AE9EC7-07F0-4E1F-BCAB-509C2978822F}
	EndGlobalSection
EndGlobal
